
Microsoft Visual Studio Solution File, Format Version 12.00
# Visual Studio 2013
VisualStudioVersion = 12.0.30501.0
MinimumVisualStudioVersion = 10.0.40219.1
Project("{FAE04EC0-301F-11D3-BF4B-00C04F79EFBC}") = "Faker.Portable", "Faker.Portable\Faker.Portable.csproj", "{BBFC2042-B543-457C-A5D5-6B17AD02E227}"
EndProject
Project("{FAE04EC0-301F-11D3-BF4B-00C04F79EFBC}") = "Faker.Test", "Faker.Test\Faker.Test.csproj", "{627A3BDB-C545-4D1B-A6F0-C46B3CA7BF4B}"
EndProject
Project("{FAE04EC0-301F-11D3-BF4B-00C04F79EFBC}") = "Faker.Example.Console", "Faker.Example.Console\Faker.Example.Console.csproj", "{7FF659B5-AB16-423A-A89A-0155FCD915E4}"
EndProject
Global
	GlobalSection(SolutionConfigurationPlatforms) = preSolution
		Debug|Any CPU = Debug|Any CPU
		Release|Any CPU = Release|Any CPU
	EndGlobalSection
	GlobalSection(ProjectConfigurationPlatforms) = postSolution
		{BBFC2042-B543-457C-A5D5-6B17AD02E227}.Debug|Any CPU.ActiveCfg = Debug|Any CPU
		{BBFC2042-B543-457C-A5D5-6B17AD02E227}.Debug|Any CPU.Build.0 = Debug|Any CPU
		{BBFC2042-B543-457C-A5D5-6B17AD02E227}.Release|Any CPU.ActiveCfg = Release|Any CPU
		{BBFC2042-B543-457C-A5D5-6B17AD02E227}.Release|Any CPU.Build.0 = Release|Any CPU
		{627A3BDB-C545-4D1B-A6F0-C46B3CA7BF4B}.Debug|Any CPU.ActiveCfg = Debug|Any CPU
		{627A3BDB-C545-4D1B-A6F0-C46B3CA7BF4B}.Debug|Any CPU.Build.0 = Debug|Any CPU
		{627A3BDB-C545-4D1B-A6F0-C46B3CA7BF4B}.Release|Any CPU.ActiveCfg = Release|Any CPU
		{627A3BDB-C545-4D1B-A6F0-C46B3CA7BF4B}.Release|Any CPU.Build.0 = Release|Any CPU
		{7FF659B5-AB16-423A-A89A-0155FCD915E4}.Debug|Any CPU.ActiveCfg = Debug|Any CPU
		{7FF659B5-AB16-423A-A89A-0155FCD915E4}.Debug|Any CPU.Build.0 = Debug|Any CPU
		{7FF659B5-AB16-423A-A89A-0155FCD915E4}.Release|Any CPU.ActiveCfg = Release|Any CPU
		{7FF659B5-AB16-423A-A89A-0155FCD915E4}.Release|Any CPU.Build.0 = Release|Any CPU
	EndGlobalSection
	GlobalSection(SolutionProperties) = preSolution
		HideSolutionNode = FALSE
	EndGlobalSection
EndGlobal
